
Microsoft Visual Studio Solution File, Format Version 12.00
# Visual Studio Version 16
VisualStudioVersion = 16.0.29609.76
MinimumVisualStudioVersion = 10.0.40219.1
Project("{FAE04EC0-301F-11D3-BF4B-00C04F79EFBC}") = "MemoryCacheWebApp", "MemoryCacheWebApp\MemoryCacheWebApp.csproj", "{58EB4664-3F5A-48CA-A575-68D69D3A7D90}"
EndProject
Global
	GlobalSection(SolutionConfigurationPlatforms) = preSolution
		Debug|Any CPU = Debug|Any CPU
		Release|Any CPU = Release|Any CPU
	EndGlobalSection
	GlobalSection(ProjectConfigurationPlatforms) = postSolution
		{58EB4664-3F5A-48CA-A575-68D69D3A7D90}.Debug|Any CPU.ActiveCfg = Debug|Any CPU
		{58EB4664-3F5A-48CA-A575-68D69D3A7D90}.Debug|Any CPU.Build.0 = Debug|Any CPU
		{58EB4664-3F5A-48CA-A575-68D69D3A7D90}.Release|Any CPU.ActiveCfg = Release|Any CPU
		{58EB4664-3F5A-48CA-A575-68D69D3A7D90}.Release|Any CPU.Build.0 = Release|Any CPU
	EndGlobalSection
	GlobalSection(SolutionProperties) = preSolution
		HideSolutionNode = FALSE
	EndGlobalSection
	GlobalSection(ExtensibilityGlobals) = postSolution
		SolutionGuid = {61FF2E66-2DA6-49F5-9DC6-1981500027C6}
	EndGlobalSection
EndGlobal
